// !$*UTF8*$!
{
	archiveVersion = 1;
	classes = {
	};
	objectVersion = 46;
	objects = {

/* Begin PBXBuildFile section */
		7D4E2292127A0997C88C0591 /* libPods-ZhaNiMei.a in Frameworks */ = {isa = PBXBuildFile; fileRef = 8149A30764660CA230A741A2 /* libPods-ZhaNiMei.a */; };
		8F34F2C01E077497003DB152 /* XMGBaseView.m in Sources */ = {isa = PBXBuildFile; fileRef = 8F34F2BF1E077497003DB152 /* XMGBaseView.m */; };
		8F34F2C61E07762F003DB152 /* XMGBaseController.m in Sources */ = {isa = PBXBuildFile; fileRef = 8F34F2C51E07762F003DB152 /* XMGBaseController.m */; };
		8F34F2C91E07768D003DB152 /* XMGBaseTopicController.m in Sources */ = {isa = PBXBuildFile; fileRef = 8F34F2C81E07768D003DB152 /* XMGBaseTopicController.m */; };
		8F34F2D31E077A89003DB152 /* XMGTopicCell.m in Sources */ = {isa = PBXBuildFile; fileRef = 8F34F2D21E077A89003DB152 /* XMGTopicCell.m */; };
		8F34F2D61E077BCB003DB152 /* XMGTopicTopView.m in Sources */ = {isa = PBXBuildFile; fileRef = 8F34F2D51E077BCB003DB152 /* XMGTopicTopView.m */; };
		8F34F2D91E077CC3003DB152 /* XMGTopicModel.m in Sources */ = {isa = PBXBuildFile; fileRef = 8F34F2D81E077CC3003DB152 /* XMGTopicModel.m */; };
		8F34F2DB1E077CED003DB152 /* XMGTopicTopView.xib in Resources */ = {isa = PBXBuildFile; fileRef = 8F34F2DA1E077CED003DB152 /* XMGTopicTopView.xib */; };
		8F34F2DE1E078265003DB152 /* XMGCommentModel.m in Sources */ = {isa = PBXBuildFile; fileRef = 8F34F2DD1E078265003DB152 /* XMGCommentModel.m */; };
		8F34F2E11E0782C2003DB152 /* XMGUserModel.m in Sources */ = {isa = PBXBuildFile; fileRef = 8F34F2E01E0782C2003DB152 /* XMGUserModel.m */; };
		8F34F2E41E078985003DB152 /* NSDate+XMGDealTime.m in Sources */ = {isa = PBXBuildFile; fileRef = 8F34F2E31E078985003DB152 /* NSDate+XMGDealTime.m */; };
		8F5836D31E152752001A0703 /* XMGFooterRefreshView.m in Sources */ = {isa = PBXBuildFile; fileRef = 8F5836D21E152752001A0703 /* XMGFooterRefreshView.m */; };
		8F5836D51E1527CC001A0703 /* XMGFooterRefreshView.xib in Resources */ = {isa = PBXBuildFile; fileRef = 8F5836D41E1527CC001A0703 /* XMGFooterRefreshView.xib */; };
		8F5836D81E152A24001A0703 /* XMGHeaderRefreshView.m in Sources */ = {isa = PBXBuildFile; fileRef = 8F5836D71E152A24001A0703 /* XMGHeaderRefreshView.m */; };
		8F5836DA1E152A90001A0703 /* XMGHeaderRefreshView.xib in Resources */ = {isa = PBXBuildFile; fileRef = 8F5836D91E152A90001A0703 /* XMGHeaderRefreshView.xib */; };
		8F6AB2BA1DFE32A80073ECB1 /* XMGMineViewController.m in Sources */ = {isa = PBXBuildFile; fileRef = 8F6AB2B91DFE32A80073ECB1 /* XMGMineViewController.m */; };
		8F6AB2BD1DFE32F40073ECB1 /* XMGSettingController.m in Sources */ = {isa = PBXBuildFile; fileRef = 8F6AB2BC1DFE32F40073ECB1 /* XMGSettingController.m */; };
		8F6AB2C01DFE34580073ECB1 /* XMGFriendTrendViewController.m in Sources */ = {isa = PBXBuildFile; fileRef = 8F6AB2BF1DFE34580073ECB1 /* XMGFriendTrendViewController.m */; };
		8F6AB2C31DFE37B10073ECB1 /* XMGNewViewController.m in Sources */ = {isa = PBXBuildFile; fileRef = 8F6AB2C21DFE37B10073ECB1 /* XMGNewViewController.m */; };
		8F6AB2C61DFE38F40073ECB1 /* XMGPublishViewController.m in Sources */ = {isa = PBXBuildFile; fileRef = 8F6AB2C51DFE38F40073ECB1 /* XMGPublishViewController.m */; };
		8F6AB2C91DFE393F0073ECB1 /* UIImage+XMGRender.m in Sources */ = {isa = PBXBuildFile; fileRef = 8F6AB2C81DFE393F0073ECB1 /* UIImage+XMGRender.m */; };
		8F6AB2CC1DFE3A7C0073ECB1 /* UITabBarItem+XMGFont.m in Sources */ = {isa = PBXBuildFile; fileRef = 8F6AB2CB1DFE3A7C0073ECB1 /* UITabBarItem+XMGFont.m */; };
		8F71FB631DFB8DFF00DEA848 /* XMGNavController.m in Sources */ = {isa = PBXBuildFile; fileRef = 8F71FB621DFB8DFF00DEA848 /* XMGNavController.m */; };
		8F71FB661DFB8E3F00DEA848 /* XMGNavBar.m in Sources */ = {isa = PBXBuildFile; fileRef = 8F71FB651DFB8E3F00DEA848 /* XMGNavBar.m */; };
		8F71FB691DFB8E7200DEA848 /* XMGBackView.m in Sources */ = {isa = PBXBuildFile; fileRef = 8F71FB681DFB8E7200DEA848 /* XMGBackView.m */; };
		8F71FB6C1DFB90DC00DEA848 /* UIView+frame.m in Sources */ = {isa = PBXBuildFile; fileRef = 8F71FB6B1DFB90DC00DEA848 /* UIView+frame.m */; };
		8F75C7021E0A09CA000B1EB3 /* XMGTopicViewModel.m in Sources */ = {isa = PBXBuildFile; fileRef = 8F75C7011E0A09CA000B1EB3 /* XMGTopicViewModel.m */; };
		8F7CAEBE1DFE8D0400FFA5ED /* XMGAdViewController.m in Sources */ = {isa = PBXBuildFile; fileRef = 8F7CAEBC1DFE8D0400FFA5ED /* XMGAdViewController.m */; };
		8F7CAEBF1DFE8D0400FFA5ED /* XMGAdViewController.xib in Resources */ = {isa = PBXBuildFile; fileRef = 8F7CAEBD1DFE8D0400FFA5ED /* XMGAdViewController.xib */; };
		8F7CAEC21DFE8D8900FFA5ED /* XMGADmodel.m in Sources */ = {isa = PBXBuildFile; fileRef = 8F7CAEC11DFE8D8900FFA5ED /* XMGADmodel.m */; };
		8F7CAEC51DFE979700FFA5ED /* AFHTTPSessionManager+XMGManager.m in Sources */ = {isa = PBXBuildFile; fileRef = 8F7CAEC41DFE979700FFA5ED /* AFHTTPSessionManager+XMGManager.m */; };
		8F7CAEC81DFEA3B600FFA5ED /* NSString+XMGURL.m in Sources */ = {isa = PBXBuildFile; fileRef = 8F7CAEC71DFEA3B600FFA5ED /* NSString+XMGURL.m */; };
		8F7F86E81E12316700D30247 /* XMGTopicPictureView.xib in Resources */ = {isa = PBXBuildFile; fileRef = 8F7F86E71E12316700D30247 /* XMGTopicPictureView.xib */; };
		8F7F86EC1E127F0D00D30247 /* XMGAllController.m in Sources */ = {isa = PBXBuildFile; fileRef = 8F7F86EB1E127F0D00D30247 /* XMGAllController.m */; };
		8F7F86EF1E127F5600D30247 /* XMGVideoController.m in Sources */ = {isa = PBXBuildFile; fileRef = 8F7F86EE1E127F5600D30247 /* XMGVideoController.m */; };
		8F7F86F21E127FE100D30247 /* XMGMusicController.m in Sources */ = {isa = PBXBuildFile; fileRef = 8F7F86F11E127FE100D30247 /* XMGMusicController.m */; };
		8F7F86F51E12802600D30247 /* XMGPictureController.m in Sources */ = {isa = PBXBuildFile; fileRef = 8F7F86F41E12802600D30247 /* XMGPictureController.m */; };
		8F7F86F81E12805800D30247 /* XMGTextController.m in Sources */ = {isa = PBXBuildFile; fileRef = 8F7F86F71E12805800D30247 /* XMGTextController.m */; };
		8F811AD71DF44379006FA521 /* XMGTabBarController.m in Sources */ = {isa = PBXBuildFile; fileRef = 8F811AD61DF44379006FA521 /* XMGTabBarController.m */; };
		8FA877B31DF2E91900D0114E /* main.m in Sources */ = {isa = PBXBuildFile; fileRef = 8FA877B21DF2E91900D0114E /* main.m */; };
		8FA877B61DF2E91A00D0114E /* AppDelegate.m in Sources */ = {isa = PBXBuildFile; fileRef = 8FA877B51DF2E91A00D0114E /* AppDelegate.m */; };
		8FA877BC1DF2E91A00D0114E /* Main.storyboard in Resources */ = {isa = PBXBuildFile; fileRef = 8FA877BA1DF2E91A00D0114E /* Main.storyboard */; };
		8FA877BE1DF2E91A00D0114E /* Assets.xcassets in Resources */ = {isa = PBXBuildFile; fileRef = 8FA877BD1DF2E91A00D0114E /* Assets.xcassets */; };
		8FA877C11DF2E91A00D0114E /* LaunchScreen.storyboard in Resources */ = {isa = PBXBuildFile; fileRef = 8FA877BF1DF2E91A00D0114E /* LaunchScreen.storyboard */; };
		8FB469AA1E0BB1370064CA93 /* XMGTopicPictureView.m in Sources */ = {isa = PBXBuildFile; fileRef = 8FB469A91E0BB1370064CA93 /* XMGTopicPictureView.m */; };
		8FB469AE1E0BB26A0064CA93 /* XMGSeeBigPictureController.m in Sources */ = {isa = PBXBuildFile; fileRef = 8FB469AC1E0BB26A0064CA93 /* XMGSeeBigPictureController.m */; };
		8FB469AF1E0BB26A0064CA93 /* XMGSeeBigPictureController.xib in Resources */ = {isa = PBXBuildFile; fileRef = 8FB469AD1E0BB26A0064CA93 /* XMGSeeBigPictureController.xib */; };
		8FB469B41E0BB3BC0064CA93 /* XMGPhotoManager.m in Sources */ = {isa = PBXBuildFile; fileRef = 8FB469B31E0BB3BC0064CA93 /* XMGPhotoManager.m */; };
		8FD27B101E14F53A008637D6 /* XMGTopicVideoView.m in Sources */ = {isa = PBXBuildFile; fileRef = 8FD27B0F1E14F53A008637D6 /* XMGTopicVideoView.m */; };
		8FD27B121E14F5E8008637D6 /* XMGTopicVideoView.xib in Resources */ = {isa = PBXBuildFile; fileRef = 8FD27B111E14F5E8008637D6 /* XMGTopicVideoView.xib */; };
		8FD27B151E14FD20008637D6 /* XMGTopicVoiceView.m in Sources */ = {isa = PBXBuildFile; fileRef = 8FD27B141E14FD20008637D6 /* XMGTopicVoiceView.m */; };
		8FD27B171E14FD7B008637D6 /* XMGTopicVoiceView.xib in Resources */ = {isa = PBXBuildFile; fileRef = 8FD27B161E14FD7B008637D6 /* XMGTopicVoiceView.xib */; };
		8FD27B1A1E150001008637D6 /* XMGTopicCommentView.m in Sources */ = {isa = PBXBuildFile; fileRef = 8FD27B191E150001008637D6 /* XMGTopicCommentView.m */; };
		8FD27B1C1E150045008637D6 /* XMGTopicCommentView.xib in Resources */ = {isa = PBXBuildFile; fileRef = 8FD27B1B1E150045008637D6 /* XMGTopicCommentView.xib */; };
		8FD27B1F1E150A0B008637D6 /* XMGTopicBottomView.m in Sources */ = {isa = PBXBuildFile; fileRef = 8FD27B1E1E150A0B008637D6 /* XMGTopicBottomView.m */; };
		8FD27B211E150A3F008637D6 /* XMGTopicBottomView.xib in Resources */ = {isa = PBXBuildFile; fileRef = 8FD27B201E150A3F008637D6 /* XMGTopicBottomView.xib */; };
		8FF5562F1DF6493100F0F9C9 /* XMGEssenceController.m in Sources */ = {isa = PBXBuildFile; fileRef = 8FF5562E1DF6493100F0F9C9 /* XMGEssenceController.m */; };
		8FF556321DF64AB700F0F9C9 /* UIBarButtonItem+XMGitem.m in Sources */ = {isa = PBXBuildFile; fileRef = 8FF556311DF64AB700F0F9C9 /* UIBarButtonItem+XMGitem.m */; };
/* End PBXBuildFile section */

/* Begin PBXFileReference section */
		8149A30764660CA230A741A2 /* libPods-ZhaNiMei.a */ = {isa = PBXFileReference; explicitFileType = archive.ar; includeInIndex = 0; path = "libPods-ZhaNiMei.a"; sourceTree = BUILT_PRODUCTS_DIR; };
		8F34F2BE1E077497003DB152 /* XMGBaseView.h */ = {isa = PBXFileReference; fileEncoding = 4; lastKnownFileType = sourcecode.c.h; path = XMGBaseView.h; sourceTree = "<group>"; };
		8F34F2BF1E077497003DB152 /* XMGBaseView.m */ = {isa = PBXFileReference; fileEncoding = 4; lastKnownFileType = sourcecode.c.objc; path = XMGBaseView.m; sourceTree = "<group>"; };
		8F34F2C41E07762F003DB152 /* XMGBaseController.h */ = {isa = PBXFileReference; fileEncoding = 4; lastKnownFileType = sourcecode.c.h; path = XMGBaseController.h; sourceTree = "<group>"; };
		8F34F2C51E07762F003DB152 /* XMGBaseController.m */ = {isa = PBXFileReference; fileEncoding = 4; lastKnownFileType = sourcecode.c.objc; path = XMGBaseController.m; sourceTree = "<group>"; };
		8F34F2C71E07768D003DB152 /* XMGBaseTopicController.h */ = {isa = PBXFileReference; fileEncoding = 4; lastKnownFileType = sourcecode.c.h; path = XMGBaseTopicController.h; sourceTree = "<group>"; };
		8F34F2C81E07768D003DB152 /* XMGBaseTopicController.m */ = {isa = PBXFileReference; fileEncoding = 4; lastKnownFileType = sourcecode.c.objc; path = XMGBaseTopicController.m; sourceTree = "<group>"; };
		8F34F2D11E077A89003DB152 /* XMGTopicCell.h */ = {isa = PBXFileReference; fileEncoding = 4; lastKnownFileType = sourcecode.c.h; name = XMGTopicCell.h; path = CellViews/XMGTopicCell.h; sourceTree = "<group>"; };
		8F34F2D21E077A89003DB152 /* XMGTopicCell.m */ = {isa = PBXFileReference; fileEncoding = 4; lastKnownFileType = sourcecode.c.objc; name = XMGTopicCell.m; path = CellViews/XMGTopicCell.m; sourceTree = "<group>"; };
		8F34F2D41E077BCB003DB152 /* XMGTopicTopView.h */ = {isa = PBXFileReference; fileEncoding = 4; lastKnownFileType = sourcecode.c.h; path = XMGTopicTopView.h; sourceTree = "<group>"; };
		8F34F2D51E077BCB003DB152 /* XMGTopicTopView.m */ = {isa = PBXFileReference; fileEncoding = 4; lastKnownFileType = sourcecode.c.objc; path = XMGTopicTopView.m; sourceTree = "<group>"; };
		8F34F2D71E077CC3003DB152 /* XMGTopicModel.h */ = {isa = PBXFileReference; fileEncoding = 4; lastKnownFileType = sourcecode.c.h; path = XMGTopicModel.h; sourceTree = "<group>"; };
		8F34F2D81E077CC3003DB152 /* XMGTopicModel.m */ = {isa = PBXFileReference; fileEncoding = 4; lastKnownFileType = sourcecode.c.objc; path = XMGTopicModel.m; sourceTree = "<group>"; };
		8F34F2DA1E077CED003DB152 /* XMGTopicTopView.xib */ = {isa = PBXFileReference; fileEncoding = 4; lastKnownFileType = file.xib; name = XMGTopicTopView.xib; path = ../XMGTopicTopView.xib; sourceTree = "<group>"; };
		8F34F2DC1E078265003DB152 /* XMGCommentModel.h */ = {isa = PBXFileReference; fileEncoding = 4; lastKnownFileType = sourcecode.c.h; path = XMGCommentModel.h; sourceTree = "<group>"; };
		8F34F2DD1E078265003DB152 /* XMGCommentModel.m */ = {isa = PBXFileReference; fileEncoding = 4; lastKnownFileType = sourcecode.c.objc; path = XMGCommentModel.m; sourceTree = "<group>"; };
		8F34F2DF1E0782C2003DB152 /* XMGUserModel.h */ = {isa = PBXFileReference; fileEncoding = 4; lastKnownFileType = sourcecode.c.h; path = XMGUserModel.h; sourceTree = "<group>"; };
		8F34F2E01E0782C2003DB152 /* XMGUserModel.m */ = {isa = PBXFileReference; fileEncoding = 4; lastKnownFileType = sourcecode.c.objc; path = XMGUserModel.m; sourceTree = "<group>"; };
		8F34F2E21E078985003DB152 /* NSDate+XMGDealTime.h */ = {isa = PBXFileReference; fileEncoding = 4; lastKnownFileType = sourcecode.c.h; path = "NSDate+XMGDealTime.h"; sourceTree = "<group>"; };
		8F34F2E31E078985003DB152 /* NSDate+XMGDealTime.m */ = {isa = PBXFileReference; fileEncoding = 4; lastKnownFileType = sourcecode.c.objc; path = "NSDate+XMGDealTime.m"; sourceTree = "<group>"; };
		8F5836D11E152752001A0703 /* XMGFooterRefreshView.h */ = {isa = PBXFileReference; fileEncoding = 4; lastKnownFileType = sourcecode.c.h; name = XMGFooterRefreshView.h; path = CellViews/XMGFooterRefreshView.h; sourceTree = "<group>"; };
		8F5836D21E152752001A0703 /* XMGFooterRefreshView.m */ = {isa = PBXFileReference; fileEncoding = 4; lastKnownFileType = sourcecode.c.objc; name = XMGFooterRefreshView.m; path = CellViews/XMGFooterRefreshView.m; sourceTree = "<group>"; };
		8F5836D41E1527CC001A0703 /* XMGFooterRefreshView.xib */ = {isa = PBXFileReference; fileEncoding = 4; lastKnownFileType = file.xib; path = XMGFooterRefreshView.xib; sourceTree = "<group>"; };
		8F5836D61E152A24001A0703 /* XMGHeaderRefreshView.h */ = {isa = PBXFileReference; fileEncoding = 4; lastKnownFileType = sourcecode.c.h; path = XMGHeaderRefreshView.h; sourceTree = "<group>"; };
		8F5836D71E152A24001A0703 /* XMGHeaderRefreshView.m */ = {isa = PBXFileReference; fileEncoding = 4; lastKnownFileType = sourcecode.c.objc; path = XMGHeaderRefreshView.m; sourceTree = "<group>"; };
		8F5836D91E152A90001A0703 /* XMGHeaderRefreshView.xib */ = {isa = PBXFileReference; fileEncoding = 4; lastKnownFileType = file.xib; path = XMGHeaderRefreshView.xib; sourceTree = "<group>"; };
		8F6AB2B81DFE32A80073ECB1 /* XMGMineViewController.h */ = {isa = PBXFileReference; fileEncoding = 4; lastKnownFileType = sourcecode.c.h; path = XMGMineViewController.h; sourceTree = "<group>"; };
		8F6AB2B91DFE32A80073ECB1 /* XMGMineViewController.m */ = {isa = PBXFileReference; fileEncoding = 4; lastKnownFileType = sourcecode.c.objc; path = XMGMineViewController.m; sourceTree = "<group>"; };
		8F6AB2BB1DFE32F40073ECB1 /* XMGSettingController.h */ = {isa = PBXFileReference; fileEncoding = 4; lastKnownFileType = sourcecode.c.h; path = XMGSettingController.h; sourceTree = "<group>"; };
		8F6AB2BC1DFE32F40073ECB1 /* XMGSettingController.m */ = {isa = PBXFileReference; fileEncoding = 4; lastKnownFileType = sourcecode.c.objc; path = XMGSettingController.m; sourceTree = "<group>"; };
		8F6AB2BE1DFE34580073ECB1 /* XMGFriendTrendViewController.h */ = {isa = PBXFileReference; fileEncoding = 4; lastKnownFileType = sourcecode.c.h; path = XMGFriendTrendViewController.h; sourceTree = "<group>"; };
		8F6AB2BF1DFE34580073ECB1 /* XMGFriendTrendViewController.m */ = {isa = PBXFileReference; fileEncoding = 4; lastKnownFileType = sourcecode.c.objc; path = XMGFriendTrendViewController.m; sourceTree = "<group>"; };
		8F6AB2C11DFE37B10073ECB1 /* XMGNewViewController.h */ = {isa = PBXFileReference; fileEncoding = 4; lastKnownFileType = sourcecode.c.h; path = XMGNewViewController.h; sourceTree = "<group>"; };
		8F6AB2C21DFE37B10073ECB1 /* XMGNewViewController.m */ = {isa = PBXFileReference; fileEncoding = 4; lastKnownFileType = sourcecode.c.objc; path = XMGNewViewController.m; sourceTree = "<group>"; };
		8F6AB2C41DFE38F40073ECB1 /* XMGPublishViewController.h */ = {isa = PBXFileReference; fileEncoding = 4; lastKnownFileType = sourcecode.c.h; path = XMGPublishViewController.h; sourceTree = "<group>"; };
		8F6AB2C51DFE38F40073ECB1 /* XMGPublishViewController.m */ = {isa = PBXFileReference; fileEncoding = 4; lastKnownFileType = sourcecode.c.objc; path = XMGPublishViewController.m; sourceTree = "<group>"; };
		8F6AB2C71DFE393F0073ECB1 /* UIImage+XMGRender.h */ = {isa = PBXFileReference; fileEncoding = 4; lastKnownFileType = sourcecode.c.h; path = "UIImage+XMGRender.h"; sourceTree = "<group>"; };
		8F6AB2C81DFE393F0073ECB1 /* UIImage+XMGRender.m */ = {isa = PBXFileReference; fileEncoding = 4; lastKnownFileType = sourcecode.c.objc; path = "UIImage+XMGRender.m"; sourceTree = "<group>"; };
		8F6AB2CA1DFE3A7C0073ECB1 /* UITabBarItem+XMGFont.h */ = {isa = PBXFileReference; fileEncoding = 4; lastKnownFileType = sourcecode.c.h; path = "UITabBarItem+XMGFont.h"; sourceTree = "<group>"; };
		8F6AB2CB1DFE3A7C0073ECB1 /* UITabBarItem+XMGFont.m */ = {isa = PBXFileReference; fileEncoding = 4; lastKnownFileType = sourcecode.c.objc; path = "UITabBarItem+XMGFont.m"; sourceTree = "<group>"; };
		8F71FB611DFB8DFF00DEA848 /* XMGNavController.h */ = {isa = PBXFileReference; fileEncoding = 4; lastKnownFileType = sourcecode.c.h; path = XMGNavController.h; sourceTree = "<group>"; };
		8F71FB621DFB8DFF00DEA848 /* XMGNavController.m */ = {isa = PBXFileReference; fileEncoding = 4; lastKnownFileType = sourcecode.c.objc; path = XMGNavController.m; sourceTree = "<group>"; };
		8F71FB641DFB8E3F00DEA848 /* XMGNavBar.h */ = {isa = PBXFileReference; fileEncoding = 4; lastKnownFileType = sourcecode.c.h; path = XMGNavBar.h; sourceTree = "<group>"; };
		8F71FB651DFB8E3F00DEA848 /* XMGNavBar.m */ = {isa = PBXFileReference; fileEncoding = 4; lastKnownFileType = sourcecode.c.objc; path = XMGNavBar.m; sourceTree = "<group>"; };
		8F71FB671DFB8E7200DEA848 /* XMGBackView.h */ = {isa = PBXFileReference; fileEncoding = 4; lastKnownFileType = sourcecode.c.h; path = XMGBackView.h; sourceTree = "<group>"; };
		8F71FB681DFB8E7200DEA848 /* XMGBackView.m */ = {isa = PBXFileReference; fileEncoding = 4; lastKnownFileType = sourcecode.c.objc; path = XMGBackView.m; sourceTree = "<group>"; };
		8F71FB6A1DFB90DC00DEA848 /* UIView+frame.h */ = {isa = PBXFileReference; fileEncoding = 4; lastKnownFileType = sourcecode.c.h; path = "UIView+frame.h"; sourceTree = "<group>"; };
		8F71FB6B1DFB90DC00DEA848 /* UIView+frame.m */ = {isa = PBXFileReference; fileEncoding = 4; lastKnownFileType = sourcecode.c.objc; path = "UIView+frame.m"; sourceTree = "<group>"; };
		8F75C7001E0A09CA000B1EB3 /* XMGTopicViewModel.h */ = {isa = PBXFileReference; fileEncoding = 4; lastKnownFileType = sourcecode.c.h; path = XMGTopicViewModel.h; sourceTree = "<group>"; };
		8F75C7011E0A09CA000B1EB3 /* XMGTopicViewModel.m */ = {isa = PBXFileReference; fileEncoding = 4; lastKnownFileType = sourcecode.c.objc; path = XMGTopicViewModel.m; sourceTree = "<group>"; };
		8F7CAEBB1DFE8D0400FFA5ED /* XMGAdViewController.h */ = {isa = PBXFileReference; fileEncoding = 4; lastKnownFileType = sourcecode.c.h; path = XMGAdViewController.h; sourceTree = "<group>"; };
		8F7CAEBC1DFE8D0400FFA5ED /* XMGAdViewController.m */ = {isa = PBXFileReference; fileEncoding = 4; lastKnownFileType = sourcecode.c.objc; path = XMGAdViewController.m; sourceTree = "<group>"; };
		8F7CAEBD1DFE8D0400FFA5ED /* XMGAdViewController.xib */ = {isa = PBXFileReference; fileEncoding = 4; lastKnownFileType = file.xib; path = XMGAdViewController.xib; sourceTree = "<group>"; };
		8F7CAEC01DFE8D8900FFA5ED /* XMGADmodel.h */ = {isa = PBXFileReference; fileEncoding = 4; lastKnownFileType = sourcecode.c.h; path = XMGADmodel.h; sourceTree = "<group>"; };
		8F7CAEC11DFE8D8900FFA5ED /* XMGADmodel.m */ = {isa = PBXFileReference; fileEncoding = 4; lastKnownFileType = sourcecode.c.objc; path = XMGADmodel.m; sourceTree = "<group>"; };
		8F7CAEC31DFE979700FFA5ED /* AFHTTPSessionManager+XMGManager.h */ = {isa = PBXFileReference; fileEncoding = 4; lastKnownFileType = sourcecode.c.h; path = "AFHTTPSessionManager+XMGManager.h"; sourceTree = "<group>"; };
		8F7CAEC41DFE979700FFA5ED /* AFHTTPSessionManager+XMGManager.m */ = {isa = PBXFileReference; fileEncoding = 4; lastKnownFileType = sourcecode.c.objc; path = "AFHTTPSessionManager+XMGManager.m"; sourceTree = "<group>"; };
		8F7CAEC61DFEA3B600FFA5ED /* NSString+XMGURL.h */ = {isa = PBXFileReference; fileEncoding = 4; lastKnownFileType = sourcecode.c.h; path = "NSString+XMGURL.h"; sourceTree = "<group>"; };
		8F7CAEC71DFEA3B600FFA5ED /* NSString+XMGURL.m */ = {isa = PBXFileReference; fileEncoding = 4; lastKnownFileType = sourcecode.c.objc; path = "NSString+XMGURL.m"; sourceTree = "<group>"; };
		8F7F86E71E12316700D30247 /* XMGTopicPictureView.xib */ = {isa = PBXFileReference; fileEncoding = 4; lastKnownFileType = file.xib; path = XMGTopicPictureView.xib; sourceTree = "<group>"; };
		8F7F86EA1E127F0D00D30247 /* XMGAllController.h */ = {isa = PBXFileReference; fileEncoding = 4; lastKnownFileType = sourcecode.c.h; path = XMGAllController.h; sourceTree = "<group>"; };
		8F7F86EB1E127F0D00D30247 /* XMGAllController.m */ = {isa = PBXFileReference; fileEncoding = 4; lastKnownFileType = sourcecode.c.objc; path = XMGAllController.m; sourceTree = "<group>"; };
		8F7F86ED1E127F5600D30247 /* XMGVideoController.h */ = {isa = PBXFileReference; fileEncoding = 4; lastKnownFileType = sourcecode.c.h; path = XMGVideoController.h; sourceTree = "<group>"; };
		8F7F86EE1E127F5600D30247 /* XMGVideoController.m */ = {isa = PBXFileReference; fileEncoding = 4; lastKnownFileType = sourcecode.c.objc; path = XMGVideoController.m; sourceTree = "<group>"; };
		8F7F86F01E127FE100D30247 /* XMGMusicController.h */ = {isa = PBXFileReference; fileEncoding = 4; lastKnownFileType = sourcecode.c.h; path = XMGMusicController.h; sourceTree = "<group>"; };
		8F7F86F11E127FE100D30247 /* XMGMusicController.m */ = {isa = PBXFileReference; fileEncoding = 4; lastKnownFileType = sourcecode.c.objc; path = XMGMusicController.m; sourceTree = "<group>"; };
		8F7F86F31E12802600D30247 /* XMGPictureController.h */ = {isa = PBXFileReference; fileEncoding = 4; lastKnownFileType = sourcecode.c.h; path = XMGPictureController.h; sourceTree = "<group>"; };
		8F7F86F41E12802600D30247 /* XMGPictureController.m */ = {isa = PBXFileReference; fileEncoding = 4; lastKnownFileType = sourcecode.c.objc; path = XMGPictureController.m; sourceTree = "<group>"; };
		8F7F86F61E12805800D30247 /* XMGTextController.h */ = {isa = PBXFileReference; fileEncoding = 4; lastKnownFileType = sourcecode.c.h; path = XMGTextController.h; sourceTree = "<group>"; };
		8F7F86F71E12805800D30247 /* XMGTextController.m */ = {isa = PBXFileReference; fileEncoding = 4; lastKnownFileType = sourcecode.c.objc; path = XMGTextController.m; sourceTree = "<group>"; };
		8F811AD51DF44379006FA521 /* XMGTabBarController.h */ = {isa = PBXFileReference; fileEncoding = 4; lastKnownFileType = sourcecode.c.h; path = XMGTabBarController.h; sourceTree = "<group>"; };
		8F811AD61DF44379006FA521 /* XMGTabBarController.m */ = {isa = PBXFileReference; fileEncoding = 4; lastKnownFileType = sourcecode.c.objc; path = XMGTabBarController.m; sourceTree = "<group>"; };
		8FA877AE1DF2E91900D0114E /* ZhaNiMei.app */ = {isa = PBXFileReference; explicitFileType = wrapper.application; includeInIndex = 0; path = ZhaNiMei.app; sourceTree = BUILT_PRODUCTS_DIR; };
		8FA877B21DF2E91900D0114E /* main.m */ = {isa = PBXFileReference; lastKnownFileType = sourcecode.c.objc; path = main.m; sourceTree = "<group>"; };
		8FA877B41DF2E91900D0114E /* AppDelegate.h */ = {isa = PBXFileReference; lastKnownFileType = sourcecode.c.h; path = AppDelegate.h; sourceTree = "<group>"; };
		8FA877B51DF2E91A00D0114E /* AppDelegate.m */ = {isa = PBXFileReference; lastKnownFileType = sourcecode.c.objc; path = AppDelegate.m; sourceTree = "<group>"; };
		8FA877BB1DF2E91A00D0114E /* Base */ = {isa = PBXFileReference; lastKnownFileType = file.storyboard; name = Base; path = Base.lproj/Main.storyboard; sourceTree = "<group>"; };
		8FA877BD1DF2E91A00D0114E /* Assets.xcassets */ = {isa = PBXFileReference; lastKnownFileType = folder.assetcatalog; path = Assets.xcassets; sourceTree = "<group>"; };
		8FA877C01DF2E91A00D0114E /* Base */ = {isa = PBXFileReference; lastKnownFileType = file.storyboard; name = Base; path = Base.lproj/LaunchScreen.storyboard; sourceTree = "<group>"; };
		8FA877C21DF2E91A00D0114E /* Info.plist */ = {isa = PBXFileReference; lastKnownFileType = text.plist.xml; path = Info.plist; sourceTree = "<group>"; };
		8FB469A81E0BB1370064CA93 /* XMGTopicPictureView.h */ = {isa = PBXFileReference; fileEncoding = 4; lastKnownFileType = sourcecode.c.h; path = XMGTopicPictureView.h; sourceTree = "<group>"; };
		8FB469A91E0BB1370064CA93 /* XMGTopicPictureView.m */ = {isa = PBXFileReference; fileEncoding = 4; lastKnownFileType = sourcecode.c.objc; path = XMGTopicPictureView.m; sourceTree = "<group>"; };
		8FB469AB1E0BB26A0064CA93 /* XMGSeeBigPictureController.h */ = {isa = PBXFileReference; fileEncoding = 4; lastKnownFileType = sourcecode.c.h; path = XMGSeeBigPictureController.h; sourceTree = "<group>"; };
		8FB469AC1E0BB26A0064CA93 /* XMGSeeBigPictureController.m */ = {isa = PBXFileReference; fileEncoding = 4; lastKnownFileType = sourcecode.c.objc; path = XMGSeeBigPictureController.m; sourceTree = "<group>"; };
		8FB469AD1E0BB26A0064CA93 /* XMGSeeBigPictureController.xib */ = {isa = PBXFileReference; fileEncoding = 4; lastKnownFileType = file.xib; path = XMGSeeBigPictureController.xib; sourceTree = "<group>"; };
		8FB469B21E0BB3BC0064CA93 /* XMGPhotoManager.h */ = {isa = PBXFileReference; fileEncoding = 4; lastKnownFileType = sourcecode.c.h; path = XMGPhotoManager.h; sourceTree = "<group>"; };
		8FB469B31E0BB3BC0064CA93 /* XMGPhotoManager.m */ = {isa = PBXFileReference; fileEncoding = 4; lastKnownFileType = sourcecode.c.objc; path = XMGPhotoManager.m; sourceTree = "<group>"; };
		8FD27B0E1E14F53A008637D6 /* XMGTopicVideoView.h */ = {isa = PBXFileReference; fileEncoding = 4; lastKnownFileType = sourcecode.c.h; path = XMGTopicVideoView.h; sourceTree = "<group>"; };
		8FD27B0F1E14F53A008637D6 /* XMGTopicVideoView.m */ = {isa = PBXFileReference; fileEncoding = 4; lastKnownFileType = sourcecode.c.objc; path = XMGTopicVideoView.m; sourceTree = "<group>"; };
		8FD27B111E14F5E8008637D6 /* XMGTopicVideoView.xib */ = {isa = PBXFileReference; fileEncoding = 4; lastKnownFileType = file.xib; path = XMGTopicVideoView.xib; sourceTree = "<group>"; };
		8FD27B131E14FD20008637D6 /* XMGTopicVoiceView.h */ = {isa = PBXFileReference; fileEncoding = 4; lastKnownFileType = sourcecode.c.h; path = XMGTopicVoiceView.h; sourceTree = "<group>"; };
		8FD27B141E14FD20008637D6 /* XMGTopicVoiceView.m */ = {isa = PBXFileReference; fileEncoding = 4; lastKnownFileType = sourcecode.c.objc; path = XMGTopicVoiceView.m; sourceTree = "<group>"; };
		8FD27B161E14FD7B008637D6 /* XMGTopicVoiceView.xib */ = {isa = PBXFileReference; fileEncoding = 4; lastKnownFileType = file.xib; path = XMGTopicVoiceView.xib; sourceTree = "<group>"; };
		8FD27B181E150001008637D6 /* XMGTopicCommentView.h */ = {isa = PBXFileReference; fileEncoding = 4; lastKnownFileType = sourcecode.c.h; path = XMGTopicCommentView.h; sourceTree = "<group>"; };
		8FD27B191E150001008637D6 /* XMGTopicCommentView.m */ = {isa = PBXFileReference; fileEncoding = 4; lastKnownFileType = sourcecode.c.objc; path = XMGTopicCommentView.m; sourceTree = "<group>"; };
		8FD27B1B1E150045008637D6 /* XMGTopicCommentView.xib */ = {isa = PBXFileReference; fileEncoding = 4; lastKnownFileType = file.xib; path = XMGTopicCommentView.xib; sourceTree = "<group>"; };
		8FD27B1D1E150A0B008637D6 /* XMGTopicBottomView.h */ = {isa = PBXFileReference; fileEncoding = 4; lastKnownFileType = sourcecode.c.h; path = XMGTopicBottomView.h; sourceTree = "<group>"; };
		8FD27B1E1E150A0B008637D6 /* XMGTopicBottomView.m */ = {isa = PBXFileReference; fileEncoding = 4; lastKnownFileType = sourcecode.c.objc; path = XMGTopicBottomView.m; sourceTree = "<group>"; };
		8FD27B201E150A3F008637D6 /* XMGTopicBottomView.xib */ = {isa = PBXFileReference; fileEncoding = 4; lastKnownFileType = file.xib; path = XMGTopicBottomView.xib; sourceTree = "<group>"; };
		8FF5562D1DF6493100F0F9C9 /* XMGEssenceController.h */ = {isa = PBXFileReference; fileEncoding = 4; lastKnownFileType = sourcecode.c.h; path = XMGEssenceController.h; sourceTree = "<group>"; };
		8FF5562E1DF6493100F0F9C9 /* XMGEssenceController.m */ = {isa = PBXFileReference; fileEncoding = 4; lastKnownFileType = sourcecode.c.objc; path = XMGEssenceController.m; sourceTree = "<group>"; };
		8FF556301DF64AB700F0F9C9 /* UIBarButtonItem+XMGitem.h */ = {isa = PBXFileReference; fileEncoding = 4; lastKnownFileType = sourcecode.c.h; path = "UIBarButtonItem+XMGitem.h"; sourceTree = "<group>"; };
		8FF556311DF64AB700F0F9C9 /* UIBarButtonItem+XMGitem.m */ = {isa = PBXFileReference; fileEncoding = 4; lastKnownFileType = sourcecode.c.objc; path = "UIBarButtonItem+XMGitem.m"; sourceTree = "<group>"; };
		8FF556331DF6509000F0F9C9 /* ZhaNiMei.pch */ = {isa = PBXFileReference; lastKnownFileType = sourcecode.c.h; path = ZhaNiMei.pch; sourceTree = "<group>"; };
		D9C0DB20EA06C75C1CF526FF /* Pods-ZhaNiMei.release.xcconfig */ = {isa = PBXFileReference; includeInIndex = 1; lastKnownFileType = text.xcconfig; name = "Pods-ZhaNiMei.release.xcconfig"; path = "Pods/Target Support Files/Pods-ZhaNiMei/Pods-ZhaNiMei.release.xcconfig"; sourceTree = "<group>"; };
		F3BA26D573CE6C18AC83F680 /* Pods-ZhaNiMei.debug.xcconfig */ = {isa = PBXFileReference; includeInIndex = 1; lastKnownFileType = text.xcconfig; name = "Pods-ZhaNiMei.debug.xcconfig"; path = "Pods/Target Support Files/Pods-ZhaNiMei/Pods-ZhaNiMei.debug.xcconfig"; sourceTree = "<group>"; };
/* End PBXFileReference section */

/* Begin PBXFrameworksBuildPhase section */
		8FA877AB1DF2E91900D0114E /* Frameworks */ = {
			isa = PBXFrameworksBuildPhase;
			buildActionMask = 2147483647;
			files = (
				7D4E2292127A0997C88C0591 /* libPods-ZhaNiMei.a in Frameworks */,
			);
			runOnlyForDeploymentPostprocessing = 0;
		};
/* End PBXFrameworksBuildPhase section */

/* Begin PBXGroup section */
		8F34F2BB1E077477003DB152 /* Base(基类) */ = {
			isa = PBXGroup;
			children = (
				8F34F2BD1E077477003DB152 /* View */,
				8F34F2BC1E077477003DB152 /* Controller */,
			);
			path = "Base(基类)";
			sourceTree = "<group>";
		};
		8F34F2BC1E077477003DB152 /* Controller */ = {
			isa = PBXGroup;
			children = (
				8F34F2C41E07762F003DB152 /* XMGBaseController.h */,
				8F34F2C51E07762F003DB152 /* XMGBaseController.m */,
				8F34F2C71E07768D003DB152 /* XMGBaseTopicController.h */,
				8F34F2C81E07768D003DB152 /* XMGBaseTopicController.m */,
			);
			path = Controller;
			sourceTree = "<group>";
		};
		8F34F2BD1E077477003DB152 /* View */ = {
			isa = PBXGroup;
			children = (
				8F34F2BE1E077497003DB152 /* XMGBaseView.h */,
				8F34F2BF1E077497003DB152 /* XMGBaseView.m */,
			);
			path = View;
			sourceTree = "<group>";
		};
		8F34F2D01E077A63003DB152 /* CellViews */ = {
			isa = PBXGroup;
			children = (
				8F34F2D41E077BCB003DB152 /* XMGTopicTopView.h */,
				8F34F2D51E077BCB003DB152 /* XMGTopicTopView.m */,
				8F34F2DA1E077CED003DB152 /* XMGTopicTopView.xib */,
				8FB469A81E0BB1370064CA93 /* XMGTopicPictureView.h */,
				8FB469A91E0BB1370064CA93 /* XMGTopicPictureView.m */,
				8F7F86E71E12316700D30247 /* XMGTopicPictureView.xib */,
				8FD27B0E1E14F53A008637D6 /* XMGTopicVideoView.h */,
				8FD27B0F1E14F53A008637D6 /* XMGTopicVideoView.m */,
				8FD27B111E14F5E8008637D6 /* XMGTopicVideoView.xib */,
				8FD27B131E14FD20008637D6 /* XMGTopicVoiceView.h */,
				8FD27B141E14FD20008637D6 /* XMGTopicVoiceView.m */,
				8FD27B161E14FD7B008637D6 /* XMGTopicVoiceView.xib */,
				8FD27B181E150001008637D6 /* XMGTopicCommentView.h */,
				8FD27B191E150001008637D6 /* XMGTopicCommentView.m */,
				8FD27B1B1E150045008637D6 /* XMGTopicCommentView.xib */,
				8FD27B1D1E150A0B008637D6 /* XMGTopicBottomView.h */,
				8FD27B1E1E150A0B008637D6 /* XMGTopicBottomView.m */,
				8FD27B201E150A3F008637D6 /* XMGTopicBottomView.xib */,
			);
			path = CellViews;
			sourceTree = "<group>";
		};
		8F36879A1E094B95009ECBF4 /* ViewModel */ = {
			isa = PBXGroup;
			children = (
				8F75C7001E0A09CA000B1EB3 /* XMGTopicViewModel.h */,
				8F75C7011E0A09CA000B1EB3 /* XMGTopicViewModel.m */,
			);
			path = ViewModel;
			sourceTree = "<group>";
		};
		8F7CAEB71DFE8C6700FFA5ED /* Ad(广告) */ = {
			isa = PBXGroup;
			children = (
				8F7CAEB81DFE8C6700FFA5ED /* Controller */,
				8F7CAEB91DFE8C6700FFA5ED /* Model */,
				8F7CAEBA1DFE8C6700FFA5ED /* View */,
			);
			path = "Ad(广告)";
			sourceTree = "<group>";
		};
		8F7CAEB81DFE8C6700FFA5ED /* Controller */ = {
			isa = PBXGroup;
			children = (
				8F7CAEBB1DFE8D0400FFA5ED /* XMGAdViewController.h */,
				8F7CAEBC1DFE8D0400FFA5ED /* XMGAdViewController.m */,
				8F7CAEBD1DFE8D0400FFA5ED /* XMGAdViewController.xib */,
			);
			path = Controller;
			sourceTree = "<group>";
		};
		8F7CAEB91DFE8C6700FFA5ED /* Model */ = {
			isa = PBXGroup;
			children = (
				8F7CAEC01DFE8D8900FFA5ED /* XMGADmodel.h */,
				8F7CAEC11DFE8D8900FFA5ED /* XMGADmodel.m */,
			);
			path = Model;
			sourceTree = "<group>";
		};
		8F7CAEBA1DFE8C6700FFA5ED /* View */ = {
			isa = PBXGroup;
			children = (
			);
			path = View;
			sourceTree = "<group>";
		};
		8F7F86E91E127EBB00D30247 /* ChildViewControllers */ = {
			isa = PBXGroup;
			children = (
				8F7F86EA1E127F0D00D30247 /* XMGAllController.h */,
				8F7F86EB1E127F0D00D30247 /* XMGAllController.m */,
				8F7F86ED1E127F5600D30247 /* XMGVideoController.h */,
				8F7F86EE1E127F5600D30247 /* XMGVideoController.m */,
				8F7F86F01E127FE100D30247 /* XMGMusicController.h */,
				8F7F86F11E127FE100D30247 /* XMGMusicController.m */,
				8F7F86F31E12802600D30247 /* XMGPictureController.h */,
				8F7F86F41E12802600D30247 /* XMGPictureController.m */,
				8F7F86F61E12805800D30247 /* XMGTextController.h */,
				8F7F86F71E12805800D30247 /* XMGTextController.m */,
			);
			path = ChildViewControllers;
			sourceTree = "<group>";
		};
		8F811AB61DF442D3006FA521 /* ZhaNiMeiClass */ = {
			isa = PBXGroup;
			children = (
				8F7CAEB71DFE8C6700FFA5ED /* Ad(广告) */,
				8F811AD11DF442D3006FA521 /* Setting(设置) */,
				8F811ABF1DF442D3006FA521 /* Main */,
				8F811AB71DF442D3006FA521 /* Essence(精华) */,
				8F811ABB1DF442D3006FA521 /* FriendTrends(关注) */,
				8F811AC31DF442D3006FA521 /* Mine(我的) */,
				8F811AC71DF442D3006FA521 /* New(新帖) */,
				8F811ACD1DF442D3006FA521 /* Publish(发布) */,
				8F811ACB1DF442D3006FA521 /* Other */,
			);
			path = ZhaNiMeiClass;
			sourceTree = "<group>";
		};
		8F811AB71DF442D3006FA521 /* Essence(精华) */ = {
			isa = PBXGroup;
			children = (
				8F811AB81DF442D3006FA521 /* Controller */,
				8F36879A1E094B95009ECBF4 /* ViewModel */,
				8F811AB91DF442D3006FA521 /* Model */,
				8F811ABA1DF442D3006FA521 /* View */,
			);
			path = "Essence(精华)";
			sourceTree = "<group>";
		};
		8F811AB81DF442D3006FA521 /* Controller */ = {
			isa = PBXGroup;
			children = (
				8F7F86E91E127EBB00D30247 /* ChildViewControllers */,
				8FF5562D1DF6493100F0F9C9 /* XMGEssenceController.h */,
				8FF5562E1DF6493100F0F9C9 /* XMGEssenceController.m */,
				8FB469AB1E0BB26A0064CA93 /* XMGSeeBigPictureController.h */,
				8FB469AC1E0BB26A0064CA93 /* XMGSeeBigPictureController.m */,
				8FB469AD1E0BB26A0064CA93 /* XMGSeeBigPictureController.xib */,
			);
			path = Controller;
			sourceTree = "<group>";
		};
		8F811AB91DF442D3006FA521 /* Model */ = {
			isa = PBXGroup;
			children = (
				8F34F2D71E077CC3003DB152 /* XMGTopicModel.h */,
				8F34F2D81E077CC3003DB152 /* XMGTopicModel.m */,
				8F34F2DC1E078265003DB152 /* XMGCommentModel.h */,
				8F34F2DD1E078265003DB152 /* XMGCommentModel.m */,
				8F34F2DF1E0782C2003DB152 /* XMGUserModel.h */,
				8F34F2E01E0782C2003DB152 /* XMGUserModel.m */,
			);
			path = Model;
			sourceTree = "<group>";
		};
		8F811ABA1DF442D3006FA521 /* View */ = {
			isa = PBXGroup;
			children = (
				8F34F2D01E077A63003DB152 /* CellViews */,
				8F34F2D11E077A89003DB152 /* XMGTopicCell.h */,
				8F34F2D21E077A89003DB152 /* XMGTopicCell.m */,
				8F5836D11E152752001A0703 /* XMGFooterRefreshView.h */,
				8F5836D21E152752001A0703 /* XMGFooterRefreshView.m */,
				8F5836D41E1527CC001A0703 /* XMGFooterRefreshView.xib */,
				8F5836D61E152A24001A0703 /* XMGHeaderRefreshView.h */,
				8F5836D71E152A24001A0703 /* XMGHeaderRefreshView.m */,
				8F5836D91E152A90001A0703 /* XMGHeaderRefreshView.xib */,
			);
			path = View;
			sourceTree = "<group>";
		};
		8F811ABB1DF442D3006FA521 /* FriendTrends(关注) */ = {
			isa = PBXGroup;
			children = (
				8F811ABC1DF442D3006FA521 /* Controller */,
				8F811ABD1DF442D3006FA521 /* Model */,
				8F811ABE1DF442D3006FA521 /* View */,
			);
			path = "FriendTrends(关注)";
			sourceTree = "<group>";
		};
		8F811ABC1DF442D3006FA521 /* Controller */ = {
			isa = PBXGroup;
			children = (
				8F6AB2BE1DFE34580073ECB1 /* XMGFriendTrendViewController.h */,
				8F6AB2BF1DFE34580073ECB1 /* XMGFriendTrendViewController.m */,
			);
			path = Controller;
			sourceTree = "<group>";
		};
		8F811ABD1DF442D3006FA521 /* Model */ = {
			isa = PBXGroup;
			children = (
			);
			path = Model;
			sourceTree = "<group>";
		};
		8F811ABE1DF442D3006FA521 /* View */ = {
			isa = PBXGroup;
			children = (
			);
			path = View;
			sourceTree = "<group>";
		};
		8F811ABF1DF442D3006FA521 /* Main */ = {
			isa = PBXGroup;
			children = (
				8F811AC01DF442D3006FA521 /* Controller */,
				8F811AC11DF442D3006FA521 /* Model */,
				8F811AC21DF442D3006FA521 /* View */,
			);
			path = Main;
			sourceTree = "<group>";
		};
		8F811AC01DF442D3006FA521 /* Controller */ = {
			isa = PBXGroup;
			children = (
				8F811AD51DF44379006FA521 /* XMGTabBarController.h */,
				8F811AD61DF44379006FA521 /* XMGTabBarController.m */,
				8F71FB611DFB8DFF00DEA848 /* XMGNavController.h */,
				8F71FB621DFB8DFF00DEA848 /* XMGNavController.m */,
			);
			path = Controller;
			sourceTree = "<group>";
		};
		8F811AC11DF442D3006FA521 /* Model */ = {
			isa = PBXGroup;
			children = (
			);
			path = Model;
			sourceTree = "<group>";
		};
		8F811AC21DF442D3006FA521 /* View */ = {
			isa = PBXGroup;
			children = (
				8F71FB641DFB8E3F00DEA848 /* XMGNavBar.h */,
				8F71FB651DFB8E3F00DEA848 /* XMGNavBar.m */,
				8F71FB671DFB8E7200DEA848 /* XMGBackView.h */,
				8F71FB681DFB8E7200DEA848 /* XMGBackView.m */,
			);
			path = View;
			sourceTree = "<group>";
		};
		8F811AC31DF442D3006FA521 /* Mine(我的) */ = {
			isa = PBXGroup;
			children = (
				8F811AC41DF442D3006FA521 /* Controller */,
				8F811AC51DF442D3006FA521 /* Model */,
				8F811AC61DF442D3006FA521 /* View */,
			);
			path = "Mine(我的)";
			sourceTree = "<group>";
		};
		8F811AC41DF442D3006FA521 /* Controller */ = {
			isa = PBXGroup;
			children = (
				8F6AB2B81DFE32A80073ECB1 /* XMGMineViewController.h */,
				8F6AB2B91DFE32A80073ECB1 /* XMGMineViewController.m */,
			);
			path = Controller;
			sourceTree = "<group>";
		};
		8F811AC51DF442D3006FA521 /* Model */ = {
			isa = PBXGroup;
			children = (
			);
			path = Model;
			sourceTree = "<group>";
		};
		8F811AC61DF442D3006FA521 /* View */ = {
			isa = PBXGroup;
			children = (
			);
			path = View;
			sourceTree = "<group>";
		};
		8F811AC71DF442D3006FA521 /* New(新帖) */ = {
			isa = PBXGroup;
			children = (
				8F811AC81DF442D3006FA521 /* Controller */,
				8F811AC91DF442D3006FA521 /* Model */,
				8F811ACA1DF442D3006FA521 /* View */,
			);
			path = "New(新帖)";
			sourceTree = "<group>";
		};
		8F811AC81DF442D3006FA521 /* Controller */ = {
			isa = PBXGroup;
			children = (
				8F6AB2C11DFE37B10073ECB1 /* XMGNewViewController.h */,
				8F6AB2C21DFE37B10073ECB1 /* XMGNewViewController.m */,
			);
			path = Controller;
			sourceTree = "<group>";
		};
		8F811AC91DF442D3006FA521 /* Model */ = {
			isa = PBXGroup;
			children = (
			);
			path = Model;
			sourceTree = "<group>";
		};
		8F811ACA1DF442D3006FA521 /* View */ = {
			isa = PBXGroup;
			children = (
			);
			path = View;
			sourceTree = "<group>";
		};
		8F811ACB1DF442D3006FA521 /* Other */ = {
			isa = PBXGroup;
			children = (
				8F811ACC1DF442D3006FA521 /* Category */,
			);
			path = Other;
			sourceTree = "<group>";
		};
		8F811ACC1DF442D3006FA521 /* Category */ = {
			isa = PBXGroup;
			children = (
				8FF556301DF64AB700F0F9C9 /* UIBarButtonItem+XMGitem.h */,
				8FF556311DF64AB700F0F9C9 /* UIBarButtonItem+XMGitem.m */,
				8F71FB6A1DFB90DC00DEA848 /* UIView+frame.h */,
				8F71FB6B1DFB90DC00DEA848 /* UIView+frame.m */,
				8F6AB2C71DFE393F0073ECB1 /* UIImage+XMGRender.h */,
				8F6AB2C81DFE393F0073ECB1 /* UIImage+XMGRender.m */,
				8F6AB2CA1DFE3A7C0073ECB1 /* UITabBarItem+XMGFont.h */,
				8F6AB2CB1DFE3A7C0073ECB1 /* UITabBarItem+XMGFont.m */,
				8F7CAEC31DFE979700FFA5ED /* AFHTTPSessionManager+XMGManager.h */,
				8F7CAEC41DFE979700FFA5ED /* AFHTTPSessionManager+XMGManager.m */,
				8F7CAEC61DFEA3B600FFA5ED /* NSString+XMGURL.h */,
				8F7CAEC71DFEA3B600FFA5ED /* NSString+XMGURL.m */,
				8F34F2E21E078985003DB152 /* NSDate+XMGDealTime.h */,
				8F34F2E31E078985003DB152 /* NSDate+XMGDealTime.m */,
			);
			path = Category;
			sourceTree = "<group>";
		};
		8F811ACD1DF442D3006FA521 /* Publish(发布) */ = {
			isa = PBXGroup;
			children = (
				8F811ACE1DF442D3006FA521 /* Controller */,
				8F811ACF1DF442D3006FA521 /* Model */,
				8F811AD01DF442D3006FA521 /* View */,
			);
			path = "Publish(发布)";
			sourceTree = "<group>";
		};
		8F811ACE1DF442D3006FA521 /* Controller */ = {
			isa = PBXGroup;
			children = (
				8F6AB2C41DFE38F40073ECB1 /* XMGPublishViewController.h */,
				8F6AB2C51DFE38F40073ECB1 /* XMGPublishViewController.m */,
			);
			path = Controller;
			sourceTree = "<group>";
		};
		8F811ACF1DF442D3006FA521 /* Model */ = {
			isa = PBXGroup;
			children = (
			);
			path = Model;
			sourceTree = "<group>";
		};
		8F811AD01DF442D3006FA521 /* View */ = {
			isa = PBXGroup;
			children = (
			);
			path = View;
			sourceTree = "<group>";
		};
		8F811AD11DF442D3006FA521 /* Setting(设置) */ = {
			isa = PBXGroup;
			children = (
				8F811AD21DF442D3006FA521 /* Controller */,
				8F811AD31DF442D3006FA521 /* Model */,
				8F811AD41DF442D3006FA521 /* View */,
			);
			path = "Setting(设置)";
			sourceTree = "<group>";
		};
		8F811AD21DF442D3006FA521 /* Controller */ = {
			isa = PBXGroup;
			children = (
				8F6AB2BB1DFE32F40073ECB1 /* XMGSettingController.h */,
				8F6AB2BC1DFE32F40073ECB1 /* XMGSettingController.m */,
			);
			path = Controller;
			sourceTree = "<group>";
		};
		8F811AD31DF442D3006FA521 /* Model */ = {
			isa = PBXGroup;
			children = (
			);
			path = Model;
			sourceTree = "<group>";
		};
		8F811AD41DF442D3006FA521 /* View */ = {
			isa = PBXGroup;
			children = (
			);
			path = View;
			sourceTree = "<group>";
		};
		8FA877A51DF2E91900D0114E = {
			isa = PBXGroup;
			children = (
				8FA877B01DF2E91900D0114E /* ZhaNiMei */,
				8FA877AF1DF2E91900D0114E /* Products */,
				9546F59424D906D71616F045 /* Pods */,
				E2B40CADDCE3A947842CA258 /* Frameworks */,
			);
			sourceTree = "<group>";
		};
		8FA877AF1DF2E91900D0114E /* Products */ = {
			isa = PBXGroup;
			children = (
				8FA877AE1DF2E91900D0114E /* ZhaNiMei.app */,
			);
			name = Products;
			sourceTree = "<group>";
		};
		8FA877B01DF2E91900D0114E /* ZhaNiMei */ = {
			isa = PBXGroup;
			children = (
				8F34F2BB1E077477003DB152 /* Base(基类) */,
				8FB469B01E0BB3A00064CA93 /* Service(业务类) */,
				8F811AB61DF442D3006FA521 /* ZhaNiMeiClass */,
				8FA877B41DF2E91900D0114E /* AppDelegate.h */,
				8FA877B51DF2E91A00D0114E /* AppDelegate.m */,
				8FF556331DF6509000F0F9C9 /* ZhaNiMei.pch */,
				8FA877BA1DF2E91A00D0114E /* Main.storyboard */,
				8FA877BD1DF2E91A00D0114E /* Assets.xcassets */,
				8FA877BF1DF2E91A00D0114E /* LaunchScreen.storyboard */,
				8FA877C21DF2E91A00D0114E /* Info.plist */,
				8FA877B11DF2E91900D0114E /* Supporting Files */,
			);
			path = ZhaNiMei;
			sourceTree = "<group>";
		};
		8FA877B11DF2E91900D0114E /* Supporting Files */ = {
			isa = PBXGroup;
			children = (
				8FA877B21DF2E91900D0114E /* main.m */,
			);
			name = "Supporting Files";
			sourceTree = "<group>";
		};
		8FB469B01E0BB3A00064CA93 /* Service(业务类) */ = {
			isa = PBXGroup;
			children = (
				8FB469B11E0BB3A00064CA93 /* Files */,
			);
			path = "Service(业务类)";
			sourceTree = "<group>";
		};
		8FB469B11E0BB3A00064CA93 /* Files */ = {
			isa = PBXGroup;
			children = (
				8FB469B21E0BB3BC0064CA93 /* XMGPhotoManager.h */,
				8FB469B31E0BB3BC0064CA93 /* XMGPhotoManager.m */,
			);
			path = Files;
			sourceTree = "<group>";
		};
		9546F59424D906D71616F045 /* Pods */ = {
			isa = PBXGroup;
			children = (
				F3BA26D573CE6C18AC83F680 /* Pods-ZhaNiMei.debug.xcconfig */,
				D9C0DB20EA06C75C1CF526FF /* Pods-ZhaNiMei.release.xcconfig */,
			);
			name = Pods;
			sourceTree = "<group>";
		};
		E2B40CADDCE3A947842CA258 /* Frameworks */ = {
			isa = PBXGroup;
			children = (
				8149A30764660CA230A741A2 /* libPods-ZhaNiMei.a */,
			);
			name = Frameworks;
			sourceTree = "<group>";
		};
/* End PBXGroup section */

/* Begin PBXNativeTarget section */
		8FA877AD1DF2E91900D0114E /* ZhaNiMei */ = {
			isa = PBXNativeTarget;
			buildConfigurationList = 8FA877C51DF2E91A00D0114E /* Build configuration list for PBXNativeTarget "ZhaNiMei" */;
			buildPhases = (
				125D40BC8F7B647F66634305 /* 📦 Check Pods Manifest.lock */,
				8FA877AA1DF2E91900D0114E /* Sources */,
				8FA877AB1DF2E91900D0114E /* Frameworks */,
				8FA877AC1DF2E91900D0114E /* Resources */,
				94E75CC9C7C595105CB0BC43 /* 📦 Embed Pods Frameworks */,
				BAB2E2695B42AAD29B742F39 /* 📦 Copy Pods Resources */,
			);
			buildRules = (
			);
			dependencies = (
			);
			name = ZhaNiMei;
			productName = ZhaNiMei;
			productReference = 8FA877AE1DF2E91900D0114E /* ZhaNiMei.app */;
			productType = "com.apple.product-type.application";
		};
/* End PBXNativeTarget section */

/* Begin PBXProject section */
		8FA877A61DF2E91900D0114E /* Project object */ = {
			isa = PBXProject;
			attributes = {
				LastUpgradeCheck = 0810;
				ORGANIZATIONNAME = LightingApp;
				TargetAttributes = {
					8FA877AD1DF2E91900D0114E = {
						CreatedOnToolsVersion = 8.1;
						DevelopmentTeam = 629T3926D9;
						ProvisioningStyle = Automatic;
					};
				};
			};
			buildConfigurationList = 8FA877A91DF2E91900D0114E /* Build configuration list for PBXProject "ZhaNiMei" */;
			compatibilityVersion = "Xcode 3.2";
			developmentRegion = English;
			hasScannedForEncodings = 0;
			knownRegions = (
				en,
				Base,
			);
			mainGroup = 8FA877A51DF2E91900D0114E;
			productRefGroup = 8FA877AF1DF2E91900D0114E /* Products */;
			projectDirPath = "";
			projectRoot = "";
			targets = (
				8FA877AD1DF2E91900D0114E /* ZhaNiMei */,
			);
		};
/* End PBXProject section */

/* Begin PBXResourcesBuildPhase section */
		8FA877AC1DF2E91900D0114E /* Resources */ = {
			isa = PBXResourcesBuildPhase;
			buildActionMask = 2147483647;
			files = (
				8FD27B211E150A3F008637D6 /* XMGTopicBottomView.xib in Resources */,
				8FD27B171E14FD7B008637D6 /* XMGTopicVoiceView.xib in Resources */,
				8F34F2DB1E077CED003DB152 /* XMGTopicTopView.xib in Resources */,
				8F7CAEBF1DFE8D0400FFA5ED /* XMGAdViewController.xib in Resources */,
				8FA877C11DF2E91A00D0114E /* LaunchScreen.storyboard in Resources */,
				8F5836DA1E152A90001A0703 /* XMGHeaderRefreshView.xib in Resources */,
				8FD27B121E14F5E8008637D6 /* XMGTopicVideoView.xib in Resources */,
				8FD27B1C1E150045008637D6 /* XMGTopicCommentView.xib in Resources */,
				8FA877BE1DF2E91A00D0114E /* Assets.xcassets in Resources */,
				8FB469AF1E0BB26A0064CA93 /* XMGSeeBigPictureController.xib in Resources */,
				8FA877BC1DF2E91A00D0114E /* Main.storyboard in Resources */,
				8F5836D51E1527CC001A0703 /* XMGFooterRefreshView.xib in Resources */,
				8F7F86E81E12316700D30247 /* XMGTopicPictureView.xib in Resources */,
			);
			runOnlyForDeploymentPostprocessing = 0;
		};
/* End PBXResourcesBuildPhase section */

/* Begin PBXShellScriptBuildPhase section */
		125D40BC8F7B647F66634305 /* 📦 Check Pods Manifest.lock */ = {
			isa = PBXShellScriptBuildPhase;
			buildActionMask = 2147483647;
			files = (
			);
			inputPaths = (
			);
			name = "📦 Check Pods Manifest.lock";
			outputPaths = (
			);
			runOnlyForDeploymentPostprocessing = 0;
			shellPath = /bin/sh;
			shellScript = "diff \"${PODS_ROOT}/../Podfile.lock\" \"${PODS_ROOT}/Manifest.lock\" > /dev/null\nif [[ $? != 0 ]] ; then\n    cat << EOM\nerror: The sandbox is not in sync with the Podfile.lock. Run 'pod install' or update your CocoaPods installation.\nEOM\n    exit 1\nfi\n";
			showEnvVarsInLog = 0;
		};
		94E75CC9C7C595105CB0BC43 /* 📦 Embed Pods Frameworks */ = {
			isa = PBXShellScriptBuildPhase;
			buildActionMask = 2147483647;
			files = (
			);
			inputPaths = (
			);
			name = "📦 Embed Pods Frameworks";
			outputPaths = (
			);
			runOnlyForDeploymentPostprocessing = 0;
			shellPath = /bin/sh;
			shellScript = "\"${SRCROOT}/Pods/Target Support Files/Pods-ZhaNiMei/Pods-ZhaNiMei-frameworks.sh\"\n";
			showEnvVarsInLog = 0;
		};
		BAB2E2695B42AAD29B742F39 /* 📦 Copy Pods Resources */ = {
			isa = PBXShellScriptBuildPhase;
			buildActionMask = 2147483647;
			files = (
			);
			inputPaths = (
			);
			name = "📦 Copy Pods Resources";
			outputPaths = (
			);
			runOnlyForDeploymentPostprocessing = 0;
			shellPath = /bin/sh;
			shellScript = "\"${SRCROOT}/Pods/Target Support Files/Pods-ZhaNiMei/Pods-ZhaNiMei-resources.sh\"\n";
			showEnvVarsInLog = 0;
		};
/* End PBXShellScriptBuildPhase section */

/* Begin PBXSourcesBuildPhase section */
		8FA877AA1DF2E91900D0114E /* Sources */ = {
			isa = PBXSourcesBuildPhase;
			buildActionMask = 2147483647;
			files = (
				8F34F2C61E07762F003DB152 /* XMGBaseController.m in Sources */,
				8F811AD71DF44379006FA521 /* XMGTabBarController.m in Sources */,
				8F71FB631DFB8DFF00DEA848 /* XMGNavController.m in Sources */,
				8FD27B101E14F53A008637D6 /* XMGTopicVideoView.m in Sources */,
				8F6AB2BD1DFE32F40073ECB1 /* XMGSettingController.m in Sources */,
				8F7F86F51E12802600D30247 /* XMGPictureController.m in Sources */,
				8FB469B41E0BB3BC0064CA93 /* XMGPhotoManager.m in Sources */,
				8F7F86EF1E127F5600D30247 /* XMGVideoController.m in Sources */,
				8FF556321DF64AB700F0F9C9 /* UIBarButtonItem+XMGitem.m in Sources */,
				8F7CAEC81DFEA3B600FFA5ED /* NSString+XMGURL.m in Sources */,
				8F6AB2CC1DFE3A7C0073ECB1 /* UITabBarItem+XMGFont.m in Sources */,
				8F71FB691DFB8E7200DEA848 /* XMGBackView.m in Sources */,
				8F7CAEC21DFE8D8900FFA5ED /* XMGADmodel.m in Sources */,
				8F6AB2C91DFE393F0073ECB1 /* UIImage+XMGRender.m in Sources */,
				8F34F2C01E077497003DB152 /* XMGBaseView.m in Sources */,
				8F71FB661DFB8E3F00DEA848 /* XMGNavBar.m in Sources */,
				8F75C7021E0A09CA000B1EB3 /* XMGTopicViewModel.m in Sources */,
				8F34F2C91E07768D003DB152 /* XMGBaseTopicController.m in Sources */,
				8F34F2D31E077A89003DB152 /* XMGTopicCell.m in Sources */,
				8F34F2D61E077BCB003DB152 /* XMGTopicTopView.m in Sources */,
				8F34F2E11E0782C2003DB152 /* XMGUserModel.m in Sources */,
				8FB469AA1E0BB1370064CA93 /* XMGTopicPictureView.m in Sources */,
				8F34F2D91E077CC3003DB152 /* XMGTopicModel.m in Sources */,
				8FA877B61DF2E91A00D0114E /* AppDelegate.m in Sources */,
				8F6AB2BA1DFE32A80073ECB1 /* XMGMineViewController.m in Sources */,
				8F6AB2C61DFE38F40073ECB1 /* XMGPublishViewController.m in Sources */,
				8FD27B1A1E150001008637D6 /* XMGTopicCommentView.m in Sources */,
				8FD27B151E14FD20008637D6 /* XMGTopicVoiceView.m in Sources */,
				8F34F2DE1E078265003DB152 /* XMGCommentModel.m in Sources */,
				8FF5562F1DF6493100F0F9C9 /* XMGEssenceController.m in Sources */,
				8F71FB6C1DFB90DC00DEA848 /* UIView+frame.m in Sources */,
				8F7F86F81E12805800D30247 /* XMGTextController.m in Sources */,
				8F5836D81E152A24001A0703 /* XMGHeaderRefreshView.m in Sources */,
				8F7CAEBE1DFE8D0400FFA5ED /* XMGAdViewController.m in Sources */,
				8FB469AE1E0BB26A0064CA93 /* XMGSeeBigPictureController.m in Sources */,
				8F7CAEC51DFE979700FFA5ED /* AFHTTPSessionManager+XMGManager.m in Sources */,
				8F6AB2C01DFE34580073ECB1 /* XMGFriendTrendViewController.m in Sources */,
				8FD27B1F1E150A0B008637D6 /* XMGTopicBottomView.m in Sources */,
				8F6AB2C31DFE37B10073ECB1 /* XMGNewViewController.m in Sources */,
				8F5836D31E152752001A0703 /* XMGFooterRefreshView.m in Sources */,
				8F34F2E41E078985003DB152 /* NSDate+XMGDealTime.m in Sources */,
				8F7F86F21E127FE100D30247 /* XMGMusicController.m in Sources */,
				8F7F86EC1E127F0D00D30247 /* XMGAllController.m in Sources */,
				8FA877B31DF2E91900D0114E /* main.m in Sources */,
			);
			runOnlyForDeploymentPostprocessing = 0;
		};
/* End PBXSourcesBuildPhase section */

/* Begin PBXVariantGroup section */
		8FA877BA1DF2E91A00D0114E /* Main.storyboard */ = {
			isa = PBXVariantGroup;
			children = (
				8FA877BB1DF2E91A00D0114E /* Base */,
			);
			name = Main.storyboard;
			sourceTree = "<group>";
		};
		8FA877BF1DF2E91A00D0114E /* LaunchScreen.storyboard */ = {
			isa = PBXVariantGroup;
			children = (
				8FA877C01DF2E91A00D0114E /* Base */,
			);
			name = LaunchScreen.storyboard;
			sourceTree = "<group>";
		};
/* End PBXVariantGroup section */

/* Begin XCBuildConfiguration section */
		8FA877C31DF2E91A00D0114E /* Debug */ = {
			isa = XCBuildConfiguration;
			buildSettings = {
				ALWAYS_SEARCH_USER_PATHS = NO;
				CLANG_ANALYZER_NONNULL = YES;
				CLANG_CXX_LANGUAGE_STANDARD = "gnu++0x";
				CLANG_CXX_LIBRARY = "libc++";
				CLANG_ENABLE_MODULES = YES;
				CLANG_ENABLE_OBJC_ARC = YES;
				CLANG_WARN_BOOL_CONVERSION = YES;
				CLANG_WARN_CONSTANT_CONVERSION = YES;
				CLANG_WARN_DIRECT_OBJC_ISA_USAGE = YES_ERROR;
				CLANG_WARN_DOCUMENTATION_COMMENTS = YES;
				CLANG_WARN_EMPTY_BODY = YES;
				CLANG_WARN_ENUM_CONVERSION = YES;
				CLANG_WARN_INFINITE_RECURSION = YES;
				CLANG_WARN_INT_CONVERSION = YES;
				CLANG_WARN_OBJC_ROOT_CLASS = YES_ERROR;
				CLANG_WARN_SUSPICIOUS_MOVES = YES;
				CLANG_WARN_UNREACHABLE_CODE = YES;
				CLANG_WARN__DUPLICATE_METHOD_MATCH = YES;
				"CODE_SIGN_IDENTITY[sdk=iphoneos*]" = "iPhone Developer";
				COPY_PHASE_STRIP = NO;
				DEBUG_INFORMATION_FORMAT = dwarf;
				ENABLE_STRICT_OBJC_MSGSEND = YES;
				ENABLE_TESTABILITY = YES;
				GCC_C_LANGUAGE_STANDARD = gnu99;
				GCC_DYNAMIC_NO_PIC = NO;
				GCC_NO_COMMON_BLOCKS = YES;
				GCC_OPTIMIZATION_LEVEL = 0;
				GCC_PREPROCESSOR_DEFINITIONS = (
					"DEBUG=1",
					"$(inherited)",
				);
				GCC_WARN_64_TO_32_BIT_CONVERSION = YES;
				GCC_WARN_ABOUT_RETURN_TYPE = YES_ERROR;
				GCC_WARN_UNDECLARED_SELECTOR = YES;
				GCC_WARN_UNINITIALIZED_AUTOS = YES_AGGRESSIVE;
				GCC_WARN_UNUSED_FUNCTION = YES;
				GCC_WARN_UNUSED_VARIABLE = YES;
				IPHONEOS_DEPLOYMENT_TARGET = 10.1;
				MTL_ENABLE_DEBUG_INFO = YES;
				ONLY_ACTIVE_ARCH = YES;
				SDKROOT = iphoneos;
			};
			name = Debug;
		};
		8FA877C41DF2E91A00D0114E /* Release */ = {
			isa = XCBuildConfiguration;
			buildSettings = {
				ALWAYS_SEARCH_USER_PATHS = NO;
				CLANG_ANALYZER_NONNULL = YES;
				CLANG_CXX_LANGUAGE_STANDARD = "gnu++0x";
				CLANG_CXX_LIBRARY = "libc++";
				CLANG_ENABLE_MODULES = YES;
				CLANG_ENABLE_OBJC_ARC = YES;
				CLANG_WARN_BOOL_CONVERSION = YES;
				CLANG_WARN_CONSTANT_CONVERSION = YES;
				CLANG_WARN_DIRECT_OBJC_ISA_USAGE = YES_ERROR;
				CLANG_WARN_DOCUMENTATION_COMMENTS = YES;
				CLANG_WARN_EMPTY_BODY = YES;
				CLANG_WARN_ENUM_CONVERSION = YES;
				CLANG_WARN_INFINITE_RECURSION = YES;
				CLANG_WARN_INT_CONVERSION = YES;
				CLANG_WARN_OBJC_ROOT_CLASS = YES_ERROR;
				CLANG_WARN_SUSPICIOUS_MOVES = YES;
				CLANG_WARN_UNREACHABLE_CODE = YES;
				CLANG_WARN__DUPLICATE_METHOD_MATCH = YES;
				"CODE_SIGN_IDENTITY[sdk=iphoneos*]" = "iPhone Developer";
				COPY_PHASE_STRIP = NO;
				DEBUG_INFORMATION_FORMAT = "dwarf-with-dsym";
				ENABLE_NS_ASSERTIONS = NO;
				ENABLE_STRICT_OBJC_MSGSEND = YES;
				GCC_C_LANGUAGE_STANDARD = gnu99;
				GCC_NO_COMMON_BLOCKS = YES;
				GCC_WARN_64_TO_32_BIT_CONVERSION = YES;
				GCC_WARN_ABOUT_RETURN_TYPE = YES_ERROR;
				GCC_WARN_UNDECLARED_SELECTOR = YES;
				GCC_WARN_UNINITIALIZED_AUTOS = YES_AGGRESSIVE;
				GCC_WARN_UNUSED_FUNCTION = YES;
				GCC_WARN_UNUSED_VARIABLE = YES;
				IPHONEOS_DEPLOYMENT_TARGET = 10.1;
				MTL_ENABLE_DEBUG_INFO = NO;
				SDKROOT = iphoneos;
				VALIDATE_PRODUCT = YES;
			};
			name = Release;
		};
		8FA877C61DF2E91A00D0114E /* Debug */ = {
			isa = XCBuildConfiguration;
			baseConfigurationReference = F3BA26D573CE6C18AC83F680 /* Pods-ZhaNiMei.debug.xcconfig */;
			buildSettings = {
				ASSETCATALOG_COMPILER_APPICON_NAME = AppIcon;
				DEVELOPMENT_TEAM = 629T3926D9;
				GCC_PRECOMPILE_PREFIX_HEADER = YES;
				GCC_PREFIX_HEADER = "$(SRCROOT)/ZhaNiMei/ZhaNiMei.pch";
				INFOPLIST_FILE = ZhaNiMei/Info.plist;
				LD_RUNPATH_SEARCH_PATHS = "$(inherited) @executable_path/Frameworks";
				PRODUCT_BUNDLE_IDENTIFIER = com.LightingApp.ZhaNiMei;
				PRODUCT_NAME = "$(TARGET_NAME)";
			};
			name = Debug;
		};
		8FA877C71DF2E91A00D0114E /* Release */ = {
			isa = XCBuildConfiguration;
			baseConfigurationReference = D9C0DB20EA06C75C1CF526FF /* Pods-ZhaNiMei.release.xcconfig */;
			buildSettings = {
				ASSETCATALOG_COMPILER_APPICON_NAME = AppIcon;
				DEVELOPMENT_TEAM = 629T3926D9;
				GCC_PRECOMPILE_PREFIX_HEADER = YES;
				GCC_PREFIX_HEADER = "$(SRCROOT)/ZhaNiMei/ZhaNiMei.pch";
				INFOPLIST_FILE = ZhaNiMei/Info.plist;
				LD_RUNPATH_SEARCH_PATHS = "$(inherited) @executable_path/Frameworks";
				PRODUCT_BUNDLE_IDENTIFIER = com.LightingApp.ZhaNiMei;
				PRODUCT_NAME = "$(TARGET_NAME)";
			};
			name = Release;
		};
/* End XCBuildConfiguration section */

/* Begin XCConfigurationList section */
		8FA877A91DF2E91900D0114E /* Build configuration list for PBXProject "ZhaNiMei" */ = {
			isa = XCConfigurationList;
			buildConfigurations = (
				8FA877C31DF2E91A00D0114E /* Debug */,
				8FA877C41DF2E91A00D0114E /* Release */,
			);
			defaultConfigurationIsVisible = 0;
			defaultConfigurationName = Release;
		};
		8FA877C51DF2E91A00D0114E /* Build configuration list for PBXNativeTarget "ZhaNiMei" */ = {
			isa = XCConfigurationList;
			buildConfigurations = (
				8FA877C61DF2E91A00D0114E /* Debug */,
				8FA877C71DF2E91A00D0114E /* Release */,
			);
			defaultConfigurationIsVisible = 0;
			defaultConfigurationName = Release;
		};
/* End XCConfigurationList section */
	};
	rootObject = 8FA877A61DF2E91900D0114E /* Project object */;
}
